
Microsoft Visual Studio Solution File, Format Version 12.00
# Visual Studio 15
VisualStudioVersion = 15.0.27703.2042
MinimumVisualStudioVersion = 10.0.40219.1
Project("{FAE04EC0-301F-11D3-BF4B-00C04F79EFBC}") = "Web", "Web\Web.csproj", "{8A984AA2-FF41-4E36-892F-08D93C455DBE}"
EndProject
Global
	GlobalSection(SolutionConfigurationPlatforms) = preSolution
		Debug|Any CPU = Debug|Any CPU
		Release|Any CPU = Release|Any CPU
	EndGlobalSection
	GlobalSection(ProjectConfigurationPlatforms) = postSolution
		{8A984AA2-FF41-4E36-892F-08D93C455DBE}.Debug|Any CPU.ActiveCfg = Debug|Any CPU
		{8A984AA2-FF41-4E36-892F-08D93C455DBE}.Debug|Any CPU.Build.0 = Debug|Any CPU
		{8A984AA2-FF41-4E36-892F-08D93C455DBE}.Release|Any CPU.ActiveCfg = Release|Any CPU
		{8A984AA2-FF41-4E36-892F-08D93C455DBE}.Release|Any CPU.Build.0 = Release|Any CPU
	EndGlobalSection
	GlobalSection(SolutionProperties) = preSolution
		HideSolutionNode = FALSE
	EndGlobalSection
	GlobalSection(ExtensibilityGlobals) = postSolution
		SolutionGuid = {75ABA13F-F44A-407B-8F84-69E9F2AA6595}
	EndGlobalSection
EndGlobal
